
Microsoft Visual Studio Solution File, Format Version 12.00
# Visual Studio Version 17
VisualStudioVersion = 17.9.34701.34
MinimumVisualStudioVersion = 10.0.40219.1
Project("{FAE04EC0-301F-11D3-BF4B-00C04F79EFBC}") = "MVC", "MVC\MVC.csproj", "{407D94DF-1B51-4FD9-91C6-9D11569B458E}"
EndProject
Project("{FAE04EC0-301F-11D3-BF4B-00C04F79EFBC}") = "Models", "Models\Models.csproj", "{DD30A2B1-EC18-4594-A7EA-982DF102238C}"
EndProject
Project("{FAE04EC0-301F-11D3-BF4B-00C04F79EFBC}") = "DA", "DA\DA.csproj", "{0B99C4C8-86E5-42D1-9F1A-415ECA32CC2B}"
EndProject
Project("{FAE04EC0-301F-11D3-BF4B-00C04F79EFBC}") = "BL", "BL\BL.csproj", "{B6C6230F-D4FF-4E08-B044-9E072653B24B}"
EndProject
Global
	GlobalSection(SolutionConfigurationPlatforms) = preSolution
		Debug|Any CPU = Debug|Any CPU
		Release|Any CPU = Release|Any CPU
	EndGlobalSection
	GlobalSection(ProjectConfigurationPlatforms) = postSolution
		{407D94DF-1B51-4FD9-91C6-9D11569B458E}.Debug|Any CPU.ActiveCfg = Debug|Any CPU
		{407D94DF-1B51-4FD9-91C6-9D11569B458E}.Debug|Any CPU.Build.0 = Debug|Any CPU
		{407D94DF-1B51-4FD9-91C6-9D11569B458E}.Release|Any CPU.ActiveCfg = Release|Any CPU
		{407D94DF-1B51-4FD9-91C6-9D11569B458E}.Release|Any CPU.Build.0 = Release|Any CPU
		{DD30A2B1-EC18-4594-A7EA-982DF102238C}.Debug|Any CPU.ActiveCfg = Debug|Any CPU
		{DD30A2B1-EC18-4594-A7EA-982DF102238C}.Debug|Any CPU.Build.0 = Debug|Any CPU
		{DD30A2B1-EC18-4594-A7EA-982DF102238C}.Release|Any CPU.ActiveCfg = Release|Any CPU
		{DD30A2B1-EC18-4594-A7EA-982DF102238C}.Release|Any CPU.Build.0 = Release|Any CPU
		{0B99C4C8-86E5-42D1-9F1A-415ECA32CC2B}.Debug|Any CPU.ActiveCfg = Debug|Any CPU
		{0B99C4C8-86E5-42D1-9F1A-415ECA32CC2B}.Debug|Any CPU.Build.0 = Debug|Any CPU
		{0B99C4C8-86E5-42D1-9F1A-415ECA32CC2B}.Release|Any CPU.ActiveCfg = Release|Any CPU
		{0B99C4C8-86E5-42D1-9F1A-415ECA32CC2B}.Release|Any CPU.Build.0 = Release|Any CPU
		{B6C6230F-D4FF-4E08-B044-9E072653B24B}.Debug|Any CPU.ActiveCfg = Debug|Any CPU
		{B6C6230F-D4FF-4E08-B044-9E072653B24B}.Debug|Any CPU.Build.0 = Debug|Any CPU
		{B6C6230F-D4FF-4E08-B044-9E072653B24B}.Release|Any CPU.ActiveCfg = Release|Any CPU
		{B6C6230F-D4FF-4E08-B044-9E072653B24B}.Release|Any CPU.Build.0 = Release|Any CPU
	EndGlobalSection
	GlobalSection(SolutionProperties) = preSolution
		HideSolutionNode = FALSE
	EndGlobalSection
	GlobalSection(ExtensibilityGlobals) = postSolution
		SolutionGuid = {3462C1BA-3029-4FFB-9ABF-0DF62AA0A675}
	EndGlobalSection
EndGlobal
